// !$*UTF8*$!
{
	archiveVersion = 1;
	classes = {
	};
	objectVersion = 50;
	objects = {

/* Begin PBXBuildFile section */
		04B9419222A8EF58005CEF72 /* AppDelegate.swift in Sources */ = {isa = PBXBuildFile; fileRef = 04B9419122A8EF58005CEF72 /* AppDelegate.swift */; };
		04B9419422A8EF58005CEF72 /* ViewController.swift in Sources */ = {isa = PBXBuildFile; fileRef = 04B9419322A8EF58005CEF72 /* ViewController.swift */; };
		04B9419722A8EF58005CEF72 /* Main.storyboard in Resources */ = {isa = PBXBuildFile; fileRef = 04B9419522A8EF58005CEF72 /* Main.storyboard */; };
		04B9419922A8EF58005CEF72 /* Assets.xcassets in Resources */ = {isa = PBXBuildFile; fileRef = 04B9419822A8EF58005CEF72 /* Assets.xcassets */; };
		04B9419C22A8EF58005CEF72 /* LaunchScreen.storyboard in Resources */ = {isa = PBXBuildFile; fileRef = 04B9419A22A8EF58005CEF72 /* LaunchScreen.storyboard */; };
		04B941A722A8EF58005CEF72 /* MVC_1_2Tests.swift in Sources */ = {isa = PBXBuildFile; fileRef = 04B941A622A8EF58005CEF72 /* MVC_1_2Tests.swift */; };
		04B941B222A8EF58005CEF72 /* MVC_1_2UITests.swift in Sources */ = {isa = PBXBuildFile; fileRef = 04B941B122A8EF58005CEF72 /* MVC_1_2UITests.swift */; };
		04B941C022A8F080005CEF72 /* TableViewCell.swift in Sources */ = {isa = PBXBuildFile; fileRef = 04B941BF22A8F080005CEF72 /* TableViewCell.swift */; };
		04B941C222A8F455005CEF72 /* DataModel.swift in Sources */ = {isa = PBXBuildFile; fileRef = 04B941C122A8F455005CEF72 /* DataModel.swift */; };
/* End PBXBuildFile section */

/* Begin PBXContainerItemProxy section */
		04B941A322A8EF58005CEF72 /* PBXContainerItemProxy */ = {
			isa = PBXContainerItemProxy;
			containerPortal = 04B9418622A8EF58005CEF72 /* Project object */;
			proxyType = 1;
			remoteGlobalIDString = 04B9418D22A8EF58005CEF72;
			remoteInfo = MVC_1.2;
		};
		04B941AE22A8EF58005CEF72 /* PBXContainerItemProxy */ = {
			isa = PBXContainerItemProxy;
			containerPortal = 04B9418622A8EF58005CEF72 /* Project object */;
			proxyType = 1;
			remoteGlobalIDString = 04B9418D22A8EF58005CEF72;
			remoteInfo = MVC_1.2;
		};
/* End PBXContainerItemProxy section */

/* Begin PBXFileReference section */
		04B9418E22A8EF58005CEF72 /* MVC_1.2.app */ = {isa = PBXFileReference; explicitFileType = wrapper.application; includeInIndex = 0; path = MVC_1.2.app; sourceTree = BUILT_PRODUCTS_DIR; };
		04B9419122A8EF58005CEF72 /* AppDelegate.swift */ = {isa = PBXFileReference; lastKnownFileType = sourcecode.swift; path = AppDelegate.swift; sourceTree = "<group>"; };
		04B9419322A8EF58005CEF72 /* ViewController.swift */ = {isa = PBXFileReference; lastKnownFileType = sourcecode.swift; path = ViewController.swift; sourceTree = "<group>"; };
		04B9419622A8EF58005CEF72 /* Base */ = {isa = PBXFileReference; lastKnownFileType = file.storyboard; name = Base; path = Base.lproj/Main.storyboard; sourceTree = "<group>"; };
		04B9419822A8EF58005CEF72 /* Assets.xcassets */ = {isa = PBXFileReference; lastKnownFileType = folder.assetcatalog; path = Assets.xcassets; sourceTree = "<group>"; };
		04B9419B22A8EF58005CEF72 /* Base */ = {isa = PBXFileReference; lastKnownFileType = file.storyboard; name = Base; path = Base.lproj/LaunchScreen.storyboard; sourceTree = "<group>"; };
		04B9419D22A8EF58005CEF72 /* Info.plist */ = {isa = PBXFileReference; lastKnownFileType = text.plist.xml; path = Info.plist; sourceTree = "<group>"; };
		04B941A222A8EF58005CEF72 /* MVC_1.2Tests.xctest */ = {isa = PBXFileReference; explicitFileType = wrapper.cfbundle; includeInIndex = 0; path = MVC_1.2Tests.xctest; sourceTree = BUILT_PRODUCTS_DIR; };
		04B941A622A8EF58005CEF72 /* MVC_1_2Tests.swift */ = {isa = PBXFileReference; lastKnownFileType = sourcecode.swift; path = MVC_1_2Tests.swift; sourceTree = "<group>"; };
		04B941A822A8EF58005CEF72 /* Info.plist */ = {isa = PBXFileReference; lastKnownFileType = text.plist.xml; path = Info.plist; sourceTree = "<group>"; };
		04B941AD22A8EF58005CEF72 /* MVC_1.2UITests.xctest */ = {isa = PBXFileReference; explicitFileType = wrapper.cfbundle; includeInIndex = 0; path = MVC_1.2UITests.xctest; sourceTree = BUILT_PRODUCTS_DIR; };
		04B941B122A8EF58005CEF72 /* MVC_1_2UITests.swift */ = {isa = PBXFileReference; lastKnownFileType = sourcecode.swift; path = MVC_1_2UITests.swift; sourceTree = "<group>"; };
		04B941B322A8EF58005CEF72 /* Info.plist */ = {isa = PBXFileReference; lastKnownFileType = text.plist.xml; path = Info.plist; sourceTree = "<group>"; };
		04B941BF22A8F080005CEF72 /* TableViewCell.swift */ = {isa = PBXFileReference; lastKnownFileType = sourcecode.swift; path = TableViewCell.swift; sourceTree = "<group>"; };
		04B941C122A8F455005CEF72 /* DataModel.swift */ = {isa = PBXFileReference; lastKnownFileType = sourcecode.swift; path = DataModel.swift; sourceTree = "<group>"; };
/* End PBXFileReference section */

/* Begin PBXFrameworksBuildPhase section */
		04B9418B22A8EF58005CEF72 /* Frameworks */ = {
			isa = PBXFrameworksBuildPhase;
			buildActionMask = 2147483647;
			files = (
			);
			runOnlyForDeploymentPostprocessing = 0;
		};
		04B9419F22A8EF58005CEF72 /* Frameworks */ = {
			isa = PBXFrameworksBuildPhase;
			buildActionMask = 2147483647;
			files = (
			);
			runOnlyForDeploymentPostprocessing = 0;
		};
		04B941AA22A8EF58005CEF72 /* Frameworks */ = {
			isa = PBXFrameworksBuildPhase;
			buildActionMask = 2147483647;
			files = (
			);
			runOnlyForDeploymentPostprocessing = 0;
		};
/* End PBXFrameworksBuildPhase section */

/* Begin PBXGroup section */
		04B9418522A8EF58005CEF72 = {
			isa = PBXGroup;
			children = (
				04B9419022A8EF58005CEF72 /* MVC_1.2 */,
				04B941A522A8EF58005CEF72 /* MVC_1.2Tests */,
				04B941B022A8EF58005CEF72 /* MVC_1.2UITests */,
				04B9418F22A8EF58005CEF72 /* Products */,
			);
			sourceTree = "<group>";
		};
		04B9418F22A8EF58005CEF72 /* Products */ = {
			isa = PBXGroup;
			children = (
				04B9418E22A8EF58005CEF72 /* MVC_1.2.app */,
				04B941A222A8EF58005CEF72 /* MVC_1.2Tests.xctest */,
				04B941AD22A8EF58005CEF72 /* MVC_1.2UITests.xctest */,
			);
			name = Products;
			sourceTree = "<group>";
		};
		04B9419022A8EF58005CEF72 /* MVC_1.2 */ = {
			isa = PBXGroup;
			children = (
				04B9419122A8EF58005CEF72 /* AppDelegate.swift */,
				04B9419322A8EF58005CEF72 /* ViewController.swift */,
				04B9419522A8EF58005CEF72 /* Main.storyboard */,
				04B941C122A8F455005CEF72 /* DataModel.swift */,
				04B941BF22A8F080005CEF72 /* TableViewCell.swift */,
				04B9419822A8EF58005CEF72 /* Assets.xcassets */,
				04B9419A22A8EF58005CEF72 /* LaunchScreen.storyboard */,
				04B9419D22A8EF58005CEF72 /* Info.plist */,
			);
			path = MVC_1.2;
			sourceTree = "<group>";
		};
		04B941A522A8EF58005CEF72 /* MVC_1.2Tests */ = {
			isa = PBXGroup;
			children = (
				04B941A622A8EF58005CEF72 /* MVC_1_2Tests.swift */,
				04B941A822A8EF58005CEF72 /* Info.plist */,
			);
			path = MVC_1.2Tests;
			sourceTree = "<group>";
		};
		04B941B022A8EF58005CEF72 /* MVC_1.2UITests */ = {
			isa = PBXGroup;
			children = (
				04B941B122A8EF58005CEF72 /* MVC_1_2UITests.swift */,
				04B941B322A8EF58005CEF72 /* Info.plist */,
			);
			path = MVC_1.2UITests;
			sourceTree = "<group>";
		};
/* End PBXGroup section */

/* Begin PBXNativeTarget section */
		04B9418D22A8EF58005CEF72 /* MVC_1.2 */ = {
			isa = PBXNativeTarget;
			buildConfigurationList = 04B941B622A8EF58005CEF72 /* Build configuration list for PBXNativeTarget "MVC_1.2" */;
			buildPhases = (
				04B9418A22A8EF58005CEF72 /* Sources */,
				04B9418B22A8EF58005CEF72 /* Frameworks */,
				04B9418C22A8EF58005CEF72 /* Resources */,
			);
			buildRules = (
			);
			dependencies = (
			);
			name = MVC_1.2;
			productName = MVC_1.2;
			productReference = 04B9418E22A8EF58005CEF72 /* MVC_1.2.app */;
			productType = "com.apple.product-type.application";
		};
		04B941A122A8EF58005CEF72 /* MVC_1.2Tests */ = {
			isa = PBXNativeTarget;
			buildConfigurationList = 04B941B922A8EF58005CEF72 /* Build configuration list for PBXNativeTarget "MVC_1.2Tests" */;
			buildPhases = (
				04B9419E22A8EF58005CEF72 /* Sources */,
				04B9419F22A8EF58005CEF72 /* Frameworks */,
				04B941A022A8EF58005CEF72 /* Resources */,
			);
			buildRules = (
			);
			dependencies = (
				04B941A422A8EF58005CEF72 /* PBXTargetDependency */,
			);
			name = MVC_1.2Tests;
			productName = MVC_1.2Tests;
			productReference = 04B941A222A8EF58005CEF72 /* MVC_1.2Tests.xctest */;
			productType = "com.apple.product-type.bundle.unit-test";
		};
		04B941AC22A8EF58005CEF72 /* MVC_1.2UITests */ = {
			isa = PBXNativeTarget;
			buildConfigurationList = 04B941BC22A8EF58005CEF72 /* Build configuration list for PBXNativeTarget "MVC_1.2UITests" */;
			buildPhases = (
				04B941A922A8EF58005CEF72 /* Sources */,
				04B941AA22A8EF58005CEF72 /* Frameworks */,
				04B941AB22A8EF58005CEF72 /* Resources */,
			);
			buildRules = (
			);
			dependencies = (
				04B941AF22A8EF58005CEF72 /* PBXTargetDependency */,
			);
			name = MVC_1.2UITests;
			productName = MVC_1.2UITests;
			productReference = 04B941AD22A8EF58005CEF72 /* MVC_1.2UITests.xctest */;
			productType = "com.apple.product-type.bundle.ui-testing";
		};
/* End PBXNativeTarget section */

/* Begin PBXProject section */
		04B9418622A8EF58005CEF72 /* Project object */ = {
			isa = PBXProject;
			attributes = {
				LastSwiftUpdateCheck = 0930;
				LastUpgradeCheck = 0930;
				ORGANIZATIONNAME = gammastack;
				TargetAttributes = {
					04B9418D22A8EF58005CEF72 = {
						CreatedOnToolsVersion = 9.3;
					};
					04B941A122A8EF58005CEF72 = {
						CreatedOnToolsVersion = 9.3;
						TestTargetID = 04B9418D22A8EF58005CEF72;
					};
					04B941AC22A8EF58005CEF72 = {
						CreatedOnToolsVersion = 9.3;
						TestTargetID = 04B9418D22A8EF58005CEF72;
					};
				};
			};
			buildConfigurationList = 04B9418922A8EF58005CEF72 /* Build configuration list for PBXProject "MVC_1.2" */;
			compatibilityVersion = "Xcode 9.3";
			developmentRegion = en;
			hasScannedForEncodings = 0;
			knownRegions = (
				en,
				Base,
			);
			mainGroup = 04B9418522A8EF58005CEF72;
			productRefGroup = 04B9418F22A8EF58005CEF72 /* Products */;
			projectDirPath = "";
			projectRoot = "";
			targets = (
				04B9418D22A8EF58005CEF72 /* MVC_1.2 */,
				04B941A122A8EF58005CEF72 /* MVC_1.2Tests */,
				04B941AC22A8EF58005CEF72 /* MVC_1.2UITests */,
			);
		};
/* End PBXProject section */

/* Begin PBXResourcesBuildPhase section */
		04B9418C22A8EF58005CEF72 /* Resources */ = {
			isa = PBXResourcesBuildPhase;
			buildActionMask = 2147483647;
			files = (
				04B9419C22A8EF58005CEF72 /* LaunchScreen.storyboard in Resources */,
				04B9419922A8EF58005CEF72 /* Assets.xcassets in Resources */,
				04B9419722A8EF58005CEF72 /* Main.storyboard in Resources */,
			);
			runOnlyForDeploymentPostprocessing = 0;
		};
		04B941A022A8EF58005CEF72 /* Resources */ = {
			isa = PBXResourcesBuildPhase;
			buildActionMask = 2147483647;
			files = (
			);
			runOnlyForDeploymentPostprocessing = 0;
		};
		04B941AB22A8EF58005CEF72 /* Resources */ = {
			isa = PBXResourcesBuildPhase;
			buildActionMask = 2147483647;
			files = (
			);
			runOnlyForDeploymentPostprocessing = 0;
		};
/* End PBXResourcesBuildPhase section */

/* Begin PBXSourcesBuildPhase section */
		04B9418A22A8EF58005CEF72 /* Sources */ = {
			isa = PBXSourcesBuildPhase;
			buildActionMask = 2147483647;
			files = (
				04B941C022A8F080005CEF72 /* TableViewCell.swift in Sources */,
				04B941C222A8F455005CEF72 /* DataModel.swift in Sources */,
				04B9419422A8EF58005CEF72 /* ViewController.swift in Sources */,
				04B9419222A8EF58005CEF72 /* AppDelegate.swift in Sources */,
			);
			runOnlyForDeploymentPostprocessing = 0;
		};
		04B9419E22A8EF58005CEF72 /* Sources */ = {
			isa = PBXSourcesBuildPhase;
			buildActionMask = 2147483647;
			files = (
				04B941A722A8EF58005CEF72 /* MVC_1_2Tests.swift in Sources */,
			);
			runOnlyForDeploymentPostprocessing = 0;
		};
		04B941A922A8EF58005CEF72 /* Sources */ = {
			isa = PBXSourcesBuildPhase;
			buildActionMask = 2147483647;
			files = (
				04B941B222A8EF58005CEF72 /* MVC_1_2UITests.swift in Sources */,
			);
			runOnlyForDeploymentPostprocessing = 0;
		};
/* End PBXSourcesBuildPhase section */

/* Begin PBXTargetDependency section */
		04B941A422A8EF58005CEF72 /* PBXTargetDependency */ = {
			isa = PBXTargetDependency;
			target = 04B9418D22A8EF58005CEF72 /* MVC_1.2 */;
			targetProxy = 04B941A322A8EF58005CEF72 /* PBXContainerItemProxy */;
		};
		04B941AF22A8EF58005CEF72 /* PBXTargetDependency */ = {
			isa = PBXTargetDependency;
			target = 04B9418D22A8EF58005CEF72 /* MVC_1.2 */;
			targetProxy = 04B941AE22A8EF58005CEF72 /* PBXContainerItemProxy */;
		};
/* End PBXTargetDependency section */

/* Begin PBXVariantGroup section */
		04B9419522A8EF58005CEF72 /* Main.storyboard */ = {
			isa = PBXVariantGroup;
			children = (
				04B9419622A8EF58005CEF72 /* Base */,
			);
			name = Main.storyboard;
			sourceTree = "<group>";
		};
		04B9419A22A8EF58005CEF72 /* LaunchScreen.storyboard */ = {
			isa = PBXVariantGroup;
			children = (
				04B9419B22A8EF58005CEF72 /* Base */,
			);
			name = LaunchScreen.storyboard;
			sourceTree = "<group>";
		};
/* End PBXVariantGroup section */

/* Begin XCBuildConfiguration section */
		04B941B422A8EF58005CEF72 /* Debug */ = {
			isa = XCBuildConfiguration;
			buildSettings = {
				ALWAYS_SEARCH_USER_PATHS = NO;
				CLANG_ANALYZER_NONNULL = YES;
				CLANG_ANALYZER_NUMBER_OBJECT_CONVERSION = YES_AGGRESSIVE;
				CLANG_CXX_LANGUAGE_STANDARD = "gnu++14";
				CLANG_CXX_LIBRARY = "libc++";
				CLANG_ENABLE_MODULES = YES;
				CLANG_ENABLE_OBJC_ARC = YES;
				CLANG_ENABLE_OBJC_WEAK = YES;
				CLANG_WARN_BLOCK_CAPTURE_AUTORELEASING = YES;
				CLANG_WARN_BOOL_CONVERSION = YES;
				CLANG_WARN_COMMA = YES;
				CLANG_WARN_CONSTANT_CONVERSION = YES;
				CLANG_WARN_DEPRECATED_OBJC_IMPLEMENTATIONS = YES;
				CLANG_WARN_DIRECT_OBJC_ISA_USAGE = YES_ERROR;
				CLANG_WARN_DOCUMENTATION_COMMENTS = YES;
				CLANG_WARN_EMPTY_BODY = YES;
				CLANG_WARN_ENUM_CONVERSION = YES;
				CLANG_WARN_INFINITE_RECURSION = YES;
				CLANG_WARN_INT_CONVERSION = YES;
				CLANG_WARN_NON_LITERAL_NULL_CONVERSION = YES;
				CLANG_WARN_OBJC_IMPLICIT_RETAIN_SELF = YES;
				CLANG_WARN_OBJC_LITERAL_CONVERSION = YES;
				CLANG_WARN_OBJC_ROOT_CLASS = YES_ERROR;
				CLANG_WARN_RANGE_LOOP_ANALYSIS = YES;
				CLANG_WARN_STRICT_PROTOTYPES = YES;
				CLANG_WARN_SUSPICIOUS_MOVE = YES;
				CLANG_WARN_UNGUARDED_AVAILABILITY = YES_AGGRESSIVE;
				CLANG_WARN_UNREACHABLE_CODE = YES;
				CLANG_WARN__DUPLICATE_METHOD_MATCH = YES;
				CODE_SIGN_IDENTITY = "iPhone Developer";
				COPY_PHASE_STRIP = NO;
				DEBUG_INFORMATION_FORMAT = dwarf;
				ENABLE_STRICT_OBJC_MSGSEND = YES;
				ENABLE_TESTABILITY = YES;
				GCC_C_LANGUAGE_STANDARD = gnu11;
				GCC_DYNAMIC_NO_PIC = NO;
				GCC_NO_COMMON_BLOCKS = YES;
				GCC_OPTIMIZATION_LEVEL = 0;
				GCC_PREPROCESSOR_DEFINITIONS = (
					"DEBUG=1",
					"$(inherited)",
				);
				GCC_WARN_64_TO_32_BIT_CONVERSION = YES;
				GCC_WARN_ABOUT_RETURN_TYPE = YES_ERROR;
				GCC_WARN_UNDECLARED_SELECTOR = YES;
				GCC_WARN_UNINITIALIZED_AUTOS = YES_AGGRESSIVE;
				GCC_WARN_UNUSED_FUNCTION = YES;
				GCC_WARN_UNUSED_VARIABLE = YES;
				IPHONEOS_DEPLOYMENT_TARGET = 11.3;
				MTL_ENABLE_DEBUG_INFO = YES;
				ONLY_ACTIVE_ARCH = YES;
				SDKROOT = iphoneos;
				SWIFT_ACTIVE_COMPILATION_CONDITIONS = DEBUG;
				SWIFT_OPTIMIZATION_LEVEL = "-Onone";
			};
			name = Debug;
		};
		04B941B522A8EF58005CEF72 /* Release */ = {
			isa = XCBuildConfiguration;
			buildSettings = {
				ALWAYS_SEARCH_USER_PATHS = NO;
				CLANG_ANALYZER_NONNULL = YES;
				CLANG_ANALYZER_NUMBER_OBJECT_CONVERSION = YES_AGGRESSIVE;
				CLANG_CXX_LANGUAGE_STANDARD = "gnu++14";
				CLANG_CXX_LIBRARY = "libc++";
				CLANG_ENABLE_MODULES = YES;
				CLANG_ENABLE_OBJC_ARC = YES;
				CLANG_ENABLE_OBJC_WEAK = YES;
				CLANG_WARN_BLOCK_CAPTURE_AUTORELEASING = YES;
				CLANG_WARN_BOOL_CONVERSION = YES;
				CLANG_WARN_COMMA = YES;
				CLANG_WARN_CONSTANT_CONVERSION = YES;
				CLANG_WARN_DEPRECATED_OBJC_IMPLEMENTATIONS = YES;
				CLANG_WARN_DIRECT_OBJC_ISA_USAGE = YES_ERROR;
				CLANG_WARN_DOCUMENTATION_COMMENTS = YES;
				CLANG_WARN_EMPTY_BODY = YES;
				CLANG_WARN_ENUM_CONVERSION = YES;
				CLANG_WARN_INFINITE_RECURSION = YES;
				CLANG_WARN_INT_CONVERSION = YES;
				CLANG_WARN_NON_LITERAL_NULL_CONVERSION = YES;
				CLANG_WARN_OBJC_IMPLICIT_RETAIN_SELF = YES;
				CLANG_WARN_OBJC_LITERAL_CONVERSION = YES;
				CLANG_WARN_OBJC_ROOT_CLASS = YES_ERROR;
				CLANG_WARN_RANGE_LOOP_ANALYSIS = YES;
				CLANG_WARN_STRICT_PROTOTYPES = YES;
				CLANG_WARN_SUSPICIOUS_MOVE = YES;
				CLANG_WARN_UNGUARDED_AVAILABILITY = YES_AGGRESSIVE;
				CLANG_WARN_UNREACHABLE_CODE = YES;
				CLANG_WARN__DUPLICATE_METHOD_MATCH = YES;
				CODE_SIGN_IDENTITY = "iPhone Developer";
				COPY_PHASE_STRIP = NO;
				DEBUG_INFORMATION_FORMAT = "dwarf-with-dsym";
				ENABLE_NS_ASSERTIONS = NO;
				ENABLE_STRICT_OBJC_MSGSEND = YES;
				GCC_C_LANGUAGE_STANDARD = gnu11;
				GCC_NO_COMMON_BLOCKS = YES;
				GCC_WARN_64_TO_32_BIT_CONVERSION = YES;
				GCC_WARN_ABOUT_RETURN_TYPE = YES_ERROR;
				GCC_WARN_UNDECLARED_SELECTOR = YES;
				GCC_WARN_UNINITIALIZED_AUTOS = YES_AGGRESSIVE;
				GCC_WARN_UNUSED_FUNCTION = YES;
				GCC_WARN_UNUSED_VARIABLE = YES;
				IPHONEOS_DEPLOYMENT_TARGET = 11.3;
				MTL_ENABLE_DEBUG_INFO = NO;
				SDKROOT = iphoneos;
				SWIFT_COMPILATION_MODE = wholemodule;
				SWIFT_OPTIMIZATION_LEVEL = "-O";
				VALIDATE_PRODUCT = YES;
			};
			name = Release;
		};
		04B941B722A8EF58005CEF72 /* Debug */ = {
			isa = XCBuildConfiguration;
			buildSettings = {
				ASSETCATALOG_COMPILER_APPICON_NAME = AppIcon;
				CODE_SIGN_STYLE = Automatic;
				INFOPLIST_FILE = MVC_1.2/Info.plist;
				LD_RUNPATH_SEARCH_PATHS = (
					"$(inherited)",
					"@executable_path/Frameworks",
				);
				PRODUCT_BUNDLE_IDENTIFIER = "ssj.MVC-1-2";
				PRODUCT_NAME = "$(TARGET_NAME)";
				SWIFT_VERSION = 4.0;
				TARGETED_DEVICE_FAMILY = "1,2";
			};
			name = Debug;
		};
		04B941B822A8EF58005CEF72 /* Release */ = {
			isa = XCBuildConfiguration;
			buildSettings = {
				ASSETCATALOG_COMPILER_APPICON_NAME = AppIcon;
				CODE_SIGN_STYLE = Automatic;
				INFOPLIST_FILE = MVC_1.2/Info.plist;
				LD_RUNPATH_SEARCH_PATHS = (
					"$(inherited)",
					"@executable_path/Frameworks",
				);
				PRODUCT_BUNDLE_IDENTIFIER = "ssj.MVC-1-2";
				PRODUCT_NAME = "$(TARGET_NAME)";
				SWIFT_VERSION = 4.0;
				TARGETED_DEVICE_FAMILY = "1,2";
			};
			name = Release;
		};
		04B941BA22A8EF58005CEF72 /* Debug */ = {
			isa = XCBuildConfiguration;
			buildSettings = {
				ALWAYS_EMBED_SWIFT_STANDARD_LIBRARIES = YES;
				BUNDLE_LOADER = "$(TEST_HOST)";
				CODE_SIGN_STYLE = Automatic;
				INFOPLIST_FILE = MVC_1.2Tests/Info.plist;
				LD_RUNPATH_SEARCH_PATHS = (
					"$(inherited)",
					"@executable_path/Frameworks",
					"@loader_path/Frameworks",
				);
				PRODUCT_BUNDLE_IDENTIFIER = "ssj.MVC-1-2Tests";
				PRODUCT_NAME = "$(TARGET_NAME)";
				SWIFT_VERSION = 4.0;
				TARGETED_DEVICE_FAMILY = "1,2";
				TEST_HOST = "$(BUILT_PRODUCTS_DIR)/MVC_1.2.app/MVC_1.2";
			};
			name = Debug;
		};
		04B941BB22A8EF58005CEF72 /* Release */ = {
			isa = XCBuildConfiguration;
			buildSettings = {
				ALWAYS_EMBED_SWIFT_STANDARD_LIBRARIES = YES;
				BUNDLE_LOADER = "$(TEST_HOST)";
				CODE_SIGN_STYLE = Automatic;
				INFOPLIST_FILE = MVC_1.2Tests/Info.plist;
				LD_RUNPATH_SEARCH_PATHS = (
					"$(inherited)",
					"@executable_path/Frameworks",
					"@loader_path/Frameworks",
				);
				PRODUCT_BUNDLE_IDENTIFIER = "ssj.MVC-1-2Tests";
				PRODUCT_NAME = "$(TARGET_NAME)";
				SWIFT_VERSION = 4.0;
				TARGETED_DEVICE_FAMILY = "1,2";
				TEST_HOST = "$(BUILT_PRODUCTS_DIR)/MVC_1.2.app/MVC_1.2";
			};
			name = Release;
		};
		04B941BD22A8EF58005CEF72 /* Debug */ = {
			isa = XCBuildConfiguration;
			buildSettings = {
				ALWAYS_EMBED_SWIFT_STANDARD_LIBRARIES = YES;
				CODE_SIGN_STYLE = Automatic;
				INFOPLIST_FILE = MVC_1.2UITests/Info.plist;
				LD_RUNPATH_SEARCH_PATHS = (
					"$(inherited)",
					"@executable_path/Frameworks",
					"@loader_path/Frameworks",
				);
				PRODUCT_BUNDLE_IDENTIFIER = "ssj.MVC-1-2UITests";
				PRODUCT_NAME = "$(TARGET_NAME)";
				SWIFT_VERSION = 4.0;
				TARGETED_DEVICE_FAMILY = "1,2";
				TEST_TARGET_NAME = MVC_1.2;
			};
			name = Debug;
		};
		04B941BE22A8EF58005CEF72 /* Release */ = {
			isa = XCBuildConfiguration;
			buildSettings = {
				ALWAYS_EMBED_SWIFT_STANDARD_LIBRARIES = YES;
				CODE_SIGN_STYLE = Automatic;
				INFOPLIST_FILE = MVC_1.2UITests/Info.plist;
				LD_RUNPATH_SEARCH_PATHS = (
					"$(inherited)",
					"@executable_path/Frameworks",
					"@loader_path/Frameworks",
				);
				PRODUCT_BUNDLE_IDENTIFIER = "ssj.MVC-1-2UITests";
				PRODUCT_NAME = "$(TARGET_NAME)";
				SWIFT_VERSION = 4.0;
				TARGETED_DEVICE_FAMILY = "1,2";
				TEST_TARGET_NAME = MVC_1.2;
			};
			name = Release;
		};
/* End XCBuildConfiguration section */

/* Begin XCConfigurationList section */
		04B9418922A8EF58005CEF72 /* Build configuration list for PBXProject "MVC_1.2" */ = {
			isa = XCConfigurationList;
			buildConfigurations = (
				04B941B422A8EF58005CEF72 /* Debug */,
				04B941B522A8EF58005CEF72 /* Release */,
			);
			defaultConfigurationIsVisible = 0;
			defaultConfigurationName = Release;
		};
		04B941B622A8EF58005CEF72 /* Build configuration list for PBXNativeTarget "MVC_1.2" */ = {
			isa = XCConfigurationList;
			buildConfigurations = (
				04B941B722A8EF58005CEF72 /* Debug */,
				04B941B822A8EF58005CEF72 /* Release */,
			);
			defaultConfigurationIsVisible = 0;
			defaultConfigurationName = Release;
		};
		04B941B922A8EF58005CEF72 /* Build configuration list for PBXNativeTarget "MVC_1.2Tests" */ = {
			isa = XCConfigurationList;
			buildConfigurations = (
				04B941BA22A8EF58005CEF72 /* Debug */,
				04B941BB22A8EF58005CEF72 /* Release */,
			);
			defaultConfigurationIsVisible = 0;
			defaultConfigurationName = Release;
		};
		04B941BC22A8EF58005CEF72 /* Build configuration list for PBXNativeTarget "MVC_1.2UITests" */ = {
			isa = XCConfigurationList;
			buildConfigurations = (
				04B941BD22A8EF58005CEF72 /* Debug */,
				04B941BE22A8EF58005CEF72 /* Release */,
			);
			defaultConfigurationIsVisible = 0;
			defaultConfigurationName = Release;
		};
/* End XCConfigurationList section */
	};
	rootObject = 04B9418622A8EF58005CEF72 /* Project object */;
}
